
Microsoft Visual Studio Solution File, Format Version 12.00
# Visual Studio Version 17
VisualStudioVersion = 17.13.35931.197
MinimumVisualStudioVersion = 10.0.40219.1
Project("{FAE04EC0-301F-11D3-BF4B-00C04F79EFBC}") = "Computer_networks", "Computer_networks.csproj", "{8683C578-9FE5-47F7-9A16-108B5286DFF4}"
EndProject
Global
	GlobalSection(SolutionConfigurationPlatforms) = preSolution
		Debug|Any CPU = Debug|Any CPU
		Release|Any CPU = Release|Any CPU
	EndGlobalSection
	GlobalSection(ProjectConfigurationPlatforms) = postSolution
		{8683C578-9FE5-47F7-9A16-108B5286DFF4}.Debug|Any CPU.ActiveCfg = Debug|Any CPU
		{8683C578-9FE5-47F7-9A16-108B5286DFF4}.Debug|Any CPU.Build.0 = Debug|Any CPU
		{8683C578-9FE5-47F7-9A16-108B5286DFF4}.Release|Any CPU.ActiveCfg = Release|Any CPU
		{8683C578-9FE5-47F7-9A16-108B5286DFF4}.Release|Any CPU.Build.0 = Release|Any CPU
	EndGlobalSection
	GlobalSection(SolutionProperties) = preSolution
		HideSolutionNode = FALSE
	EndGlobalSection
	GlobalSection(ExtensibilityGlobals) = postSolution
		SolutionGuid = {407E1941-C373-4286-A597-2366E1BBAA26}
	EndGlobalSection
EndGlobal
